
Microsoft Visual Studio Solution File, Format Version 12.00
# Visual Studio Version 17
VisualStudioVersion = 17.3.32825.248
MinimumVisualStudioVersion = 10.0.40219.1
Project("{9A19103F-16F7-4668-BE54-9A1E7A4F7556}") = "Haxelink", "Haxelink\Haxelink.csproj", "{74BF66AA-2092-44C8-83A7-EDA084A3D2A8}"
EndProject
Project("{9A19103F-16F7-4668-BE54-9A1E7A4F7556}") = "Haxelink.Example", "Haxelink.Example\Haxelink.Example.csproj", "{FE840A9B-EB44-41F3-9597-A5658F6CCDFF}"
EndProject
Project("{FAE04EC0-301F-11D3-BF4B-00C04F79EFBC}") = "Haxelink.DeadCellsTest", "Haxelink.DeadCellsTest\Haxelink.DeadCellsTest.csproj", "{E64808FE-D655-4358-9F62-BBD9872CCFFB}"
EndProject
Global
	GlobalSection(SolutionConfigurationPlatforms) = preSolution
		Debug|Any CPU = Debug|Any CPU
		Release|Any CPU = Release|Any CPU
	EndGlobalSection
	GlobalSection(ProjectConfigurationPlatforms) = postSolution
		{74BF66AA-2092-44C8-83A7-EDA084A3D2A8}.Debug|Any CPU.ActiveCfg = Debug|Any CPU
		{74BF66AA-2092-44C8-83A7-EDA084A3D2A8}.Debug|Any CPU.Build.0 = Debug|Any CPU
		{74BF66AA-2092-44C8-83A7-EDA084A3D2A8}.Release|Any CPU.ActiveCfg = Release|Any CPU
		{74BF66AA-2092-44C8-83A7-EDA084A3D2A8}.Release|Any CPU.Build.0 = Release|Any CPU
		{FE840A9B-EB44-41F3-9597-A5658F6CCDFF}.Debug|Any CPU.ActiveCfg = Debug|Any CPU
		{FE840A9B-EB44-41F3-9597-A5658F6CCDFF}.Debug|Any CPU.Build.0 = Debug|Any CPU
		{FE840A9B-EB44-41F3-9597-A5658F6CCDFF}.Release|Any CPU.ActiveCfg = Release|Any CPU
		{FE840A9B-EB44-41F3-9597-A5658F6CCDFF}.Release|Any CPU.Build.0 = Release|Any CPU
		{E64808FE-D655-4358-9F62-BBD9872CCFFB}.Debug|Any CPU.ActiveCfg = Debug|Any CPU
		{E64808FE-D655-4358-9F62-BBD9872CCFFB}.Debug|Any CPU.Build.0 = Debug|Any CPU
		{E64808FE-D655-4358-9F62-BBD9872CCFFB}.Release|Any CPU.ActiveCfg = Release|Any CPU
		{E64808FE-D655-4358-9F62-BBD9872CCFFB}.Release|Any CPU.Build.0 = Release|Any CPU
	EndGlobalSection
	GlobalSection(SolutionProperties) = preSolution
		HideSolutionNode = FALSE
	EndGlobalSection
	GlobalSection(ExtensibilityGlobals) = postSolution
		SolutionGuid = {7BA7797A-607B-44E2-AAD2-54DF5722054F}
	EndGlobalSection
EndGlobal
